
Microsoft Visual Studio Solution File, Format Version 12.00
Project("{FAE04EC0-301F-11D3-BF4B-00C04F79EFBC}") = "HSNXT.Gridman", "HSNXT.Gridman\HSNXT.Gridman.csproj", "{CC204103-2F82-415D-BA0F-F0ED719DAE72}"
EndProject
Project("{FAE04EC0-301F-11D3-BF4B-00C04F79EFBC}") = "HSNXT.QuickAndDirtyGui", "HSNXT.QuickAndDirtyGui\HSNXT.QuickAndDirtyGui.csproj", "{0C8BDE5C-0868-43BE-A127-AD1442FB891F}"
EndProject
Global
	GlobalSection(SolutionConfigurationPlatforms) = preSolution
		Debug|Any CPU = Debug|Any CPU
		Release|Any CPU = Release|Any CPU
	EndGlobalSection
	GlobalSection(ProjectConfigurationPlatforms) = postSolution
		{CC204103-2F82-415D-BA0F-F0ED719DAE72}.Debug|Any CPU.ActiveCfg = Debug|Any CPU
		{CC204103-2F82-415D-BA0F-F0ED719DAE72}.Debug|Any CPU.Build.0 = Debug|Any CPU
		{CC204103-2F82-415D-BA0F-F0ED719DAE72}.Release|Any CPU.ActiveCfg = Release|Any CPU
		{CC204103-2F82-415D-BA0F-F0ED719DAE72}.Release|Any CPU.Build.0 = Release|Any CPU
		{0C8BDE5C-0868-43BE-A127-AD1442FB891F}.Debug|Any CPU.ActiveCfg = Debug|Any CPU
		{0C8BDE5C-0868-43BE-A127-AD1442FB891F}.Debug|Any CPU.Build.0 = Debug|Any CPU
		{0C8BDE5C-0868-43BE-A127-AD1442FB891F}.Release|Any CPU.ActiveCfg = Release|Any CPU
		{0C8BDE5C-0868-43BE-A127-AD1442FB891F}.Release|Any CPU.Build.0 = Release|Any CPU
	EndGlobalSection
EndGlobal
